{
  "name": "transcendence",
  "lockfileVersion": 3,
  "requires": true,
  "packages": {
    "": {
      "dependencies": {
        "babylonjs": "^8.18.0"
      }
    },
    "node_modules/babylonjs": {
      "version": "8.18.0",
      "resolved": "https://registry.npmjs.org/babylonjs/-/babylonjs-8.18.0.tgz",
      "integrity": "sha512-ca6bW21v+9GKSLdXjs4wWXSFXPP0dhNk+sMoSoX0Zwpx5IWuqcyCaPGuu1ducpA+KzrGOibX7Aljjw2/ym/O5w==",
      "hasInstallScript": true
    }
  }
}
